
Microsoft Visual Studio Solution File, Format Version 12.00
# Visual Studio Version 17
VisualStudioVersion = 17.13.35818.85
MinimumVisualStudioVersion = 10.0.40219.1
Project("{FAE04EC0-301F-11D3-BF4B-00C04F79EFBC}") = "OrderManager", "OrderManager\OrderManager.csproj", "{1D2DDBA3-E5F7-484C-A53C-9457533EF54E}"
EndProject
Project("{FAE04EC0-301F-11D3-BF4B-00C04F79EFBC}") = "Dictionary", "..\Dictionary\Dictionary\Dictionary.csproj", "{DB684B9E-AD28-97E3-EC08-DFE7CA00CA6A}"
EndProject
Global
	GlobalSection(SolutionConfigurationPlatforms) = preSolution
		Debug|Any CPU = Debug|Any CPU
		Release|Any CPU = Release|Any CPU
	EndGlobalSection
	GlobalSection(ProjectConfigurationPlatforms) = postSolution
		{1D2DDBA3-E5F7-484C-A53C-9457533EF54E}.Debug|Any CPU.ActiveCfg = Debug|Any CPU
		{1D2DDBA3-E5F7-484C-A53C-9457533EF54E}.Debug|Any CPU.Build.0 = Debug|Any CPU
		{1D2DDBA3-E5F7-484C-A53C-9457533EF54E}.Release|Any CPU.ActiveCfg = Release|Any CPU
		{1D2DDBA3-E5F7-484C-A53C-9457533EF54E}.Release|Any CPU.Build.0 = Release|Any CPU
		{DB684B9E-AD28-97E3-EC08-DFE7CA00CA6A}.Debug|Any CPU.ActiveCfg = Debug|Any CPU
		{DB684B9E-AD28-97E3-EC08-DFE7CA00CA6A}.Debug|Any CPU.Build.0 = Debug|Any CPU
		{DB684B9E-AD28-97E3-EC08-DFE7CA00CA6A}.Release|Any CPU.ActiveCfg = Release|Any CPU
		{DB684B9E-AD28-97E3-EC08-DFE7CA00CA6A}.Release|Any CPU.Build.0 = Release|Any CPU
	EndGlobalSection
	GlobalSection(SolutionProperties) = preSolution
		HideSolutionNode = FALSE
	EndGlobalSection
	GlobalSection(ExtensibilityGlobals) = postSolution
		SolutionGuid = {A7D720BC-234E-4C01-B995-E897DAB13E52}
	EndGlobalSection
EndGlobal
