
Microsoft Visual Studio Solution File, Format Version 12.00
# Visual Studio Version 17
VisualStudioVersion = 17.13.35818.85 d17.13
MinimumVisualStudioVersion = 10.0.40219.1
Project("{FAE04EC0-301F-11D3-BF4B-00C04F79EFBC}") = "Dictionary", "Dictionary\Dictionary.csproj", "{D8E39877-0730-4656-90AF-110C5327F2FE}"
EndProject
Global
	GlobalSection(SolutionConfigurationPlatforms) = preSolution
		Debug|Any CPU = Debug|Any CPU
		Release|Any CPU = Release|Any CPU
	EndGlobalSection
	GlobalSection(ProjectConfigurationPlatforms) = postSolution
		{D8E39877-0730-4656-90AF-110C5327F2FE}.Debug|Any CPU.ActiveCfg = Debug|Any CPU
		{D8E39877-0730-4656-90AF-110C5327F2FE}.Debug|Any CPU.Build.0 = Debug|Any CPU
		{D8E39877-0730-4656-90AF-110C5327F2FE}.Release|Any CPU.ActiveCfg = Release|Any CPU
		{D8E39877-0730-4656-90AF-110C5327F2FE}.Release|Any CPU.Build.0 = Release|Any CPU
	EndGlobalSection
	GlobalSection(SolutionProperties) = preSolution
		HideSolutionNode = FALSE
	EndGlobalSection
	GlobalSection(ExtensibilityGlobals) = postSolution
		SolutionGuid = {25B9C865-18AD-44BA-9090-21D585F7BD8D}
	EndGlobalSection
EndGlobal
